// !$*UTF8*$!
{
	archiveVersion = 1;
	classes = {
	};
	objectVersion = 46;
	objects = {

/* Begin PBXBuildFile section */
		B8404E221778872B00EDCBB9 /* icon_food@2x.png in Resources */ = {isa = PBXBuildFile; fileRef = B8404E1D1778872B00EDCBB9 /* icon_food@2x.png */; };
		B8404E231778872B00EDCBB9 /* icon_hotel@2x.png in Resources */ = {isa = PBXBuildFile; fileRef = B8404E1E1778872B00EDCBB9 /* icon_hotel@2x.png */; };
		B8404E241778872B00EDCBB9 /* icon_shopping@2x.png in Resources */ = {isa = PBXBuildFile; fileRef = B8404E1F1778872B00EDCBB9 /* icon_shopping@2x.png */; };
		B8404E251778872B00EDCBB9 /* icon_sight@2x.png in Resources */ = {isa = PBXBuildFile; fileRef = B8404E201778872B00EDCBB9 /* icon_sight@2x.png */; };
		B8404E261778872B00EDCBB9 /* icon-drink@2x.png in Resources */ = {isa = PBXBuildFile; fileRef = B8404E211778872B00EDCBB9 /* icon-drink@2x.png */; };
		B859F7D21775AC4C00313DE0 /* UIKit.framework in Frameworks */ = {isa = PBXBuildFile; fileRef = B859F7D11775AC4C00313DE0 /* UIKit.framework */; };
		B859F7D41775AC4C00313DE0 /* Foundation.framework in Frameworks */ = {isa = PBXBuildFile; fileRef = B859F7D31775AC4C00313DE0 /* Foundation.framework */; };
		B859F7D61775AC4C00313DE0 /* CoreGraphics.framework in Frameworks */ = {isa = PBXBuildFile; fileRef = B859F7D51775AC4C00313DE0 /* CoreGraphics.framework */; };
		B859F7DC1775AC4C00313DE0 /* InfoPlist.strings in Resources */ = {isa = PBXBuildFile; fileRef = B859F7DA1775AC4C00313DE0 /* InfoPlist.strings */; };
		B859F7DE1775AC4C00313DE0 /* main.m in Sources */ = {isa = PBXBuildFile; fileRef = B859F7DD1775AC4C00313DE0 /* main.m */; };
		B859F7E21775AC4C00313DE0 /* AppDelegate.m in Sources */ = {isa = PBXBuildFile; fileRef = B859F7E11775AC4C00313DE0 /* AppDelegate.m */; };
		B859F7E41775AC4C00313DE0 /* Default.png in Resources */ = {isa = PBXBuildFile; fileRef = B859F7E31775AC4C00313DE0 /* Default.png */; };
		B859F7E61775AC4C00313DE0 /* Default@2x.png in Resources */ = {isa = PBXBuildFile; fileRef = B859F7E51775AC4C00313DE0 /* Default@2x.png */; };
		B859F7E81775AC4C00313DE0 /* Default-568h@2x.png in Resources */ = {isa = PBXBuildFile; fileRef = B859F7E71775AC4C00313DE0 /* Default-568h@2x.png */; };
		B859F8061775C69E00313DE0 /* ASIAuthenticationDialog.m in Sources */ = {isa = PBXBuildFile; fileRef = B859F7F11775C69E00313DE0 /* ASIAuthenticationDialog.m */; settings = {COMPILER_FLAGS = "-fno-objc-arc"; }; };
		B859F8071775C69E00313DE0 /* ASIDataCompressor.m in Sources */ = {isa = PBXBuildFile; fileRef = B859F7F41775C69E00313DE0 /* ASIDataCompressor.m */; settings = {COMPILER_FLAGS = "-fno-objc-arc"; }; };
		B859F8081775C69E00313DE0 /* ASIDataDecompressor.m in Sources */ = {isa = PBXBuildFile; fileRef = B859F7F61775C69E00313DE0 /* ASIDataDecompressor.m */; settings = {COMPILER_FLAGS = "-fno-objc-arc"; }; };
		B859F8091775C69E00313DE0 /* ASIDownloadCache.m in Sources */ = {isa = PBXBuildFile; fileRef = B859F7F81775C69E00313DE0 /* ASIDownloadCache.m */; settings = {COMPILER_FLAGS = "-fno-objc-arc"; }; };
		B859F80A1775C69E00313DE0 /* ASIFormDataRequest.m in Sources */ = {isa = PBXBuildFile; fileRef = B859F7FA1775C69E00313DE0 /* ASIFormDataRequest.m */; settings = {COMPILER_FLAGS = "-fno-objc-arc"; }; };
		B859F80B1775C69E00313DE0 /* ASIHTTPRequest.m in Sources */ = {isa = PBXBuildFile; fileRef = B859F7FC1775C69E00313DE0 /* ASIHTTPRequest.m */; settings = {COMPILER_FLAGS = "-fno-objc-arc"; }; };
		B859F80C1775C69E00313DE0 /* ASIInputStream.m in Sources */ = {isa = PBXBuildFile; fileRef = B859F8001775C69E00313DE0 /* ASIInputStream.m */; settings = {COMPILER_FLAGS = "-fno-objc-arc"; }; };
		B859F80D1775C69E00313DE0 /* ASINetworkQueue.m in Sources */ = {isa = PBXBuildFile; fileRef = B859F8021775C69E00313DE0 /* ASINetworkQueue.m */; settings = {COMPILER_FLAGS = "-fno-objc-arc"; }; };
		B859F80E1775C69E00313DE0 /* Reachability.m in Sources */ = {isa = PBXBuildFile; fileRef = B859F8051775C69E00313DE0 /* Reachability.m */; settings = {COMPILER_FLAGS = "-fno-objc-arc"; }; };
		B859F8121775C6CF00313DE0 /* MBProgressHUD.m in Sources */ = {isa = PBXBuildFile; fileRef = B859F8111775C6CF00313DE0 /* MBProgressHUD.m */; settings = {COMPILER_FLAGS = "-fno-objc-arc"; }; };
		B859F8191775C70F00313DE0 /* IIViewDeckController.m in Sources */ = {isa = PBXBuildFile; fileRef = B859F8151775C70F00313DE0 /* IIViewDeckController.m */; settings = {COMPILER_FLAGS = "-fno-objc-arc"; }; };
		B859F81A1775C70F00313DE0 /* IIWrapController.m in Sources */ = {isa = PBXBuildFile; fileRef = B859F8171775C70F00313DE0 /* IIWrapController.m */; settings = {COMPILER_FLAGS = "-fno-objc-arc"; }; };
		B859F81B1775C70F00313DE0 /* LeftSideViewIcon.png in Resources */ = {isa = PBXBuildFile; fileRef = B859F8181775C70F00313DE0 /* LeftSideViewIcon.png */; };
		B859F8221775C78200313DE0 /* libMobClickLibrary.a in Frameworks */ = {isa = PBXBuildFile; fileRef = B859F81D1775C78200313DE0 /* libMobClickLibrary.a */; };
		B859F8231775C78200313DE0 /* libUMFeedback.a in Frameworks */ = {isa = PBXBuildFile; fileRef = B859F81E1775C78200313DE0 /* libUMFeedback.a */; };
		B859F8371775C83900313DE0 /* SDImageCache.m in Sources */ = {isa = PBXBuildFile; fileRef = B859F8261775C83900313DE0 /* SDImageCache.m */; settings = {COMPILER_FLAGS = "-fno-objc-arc"; }; };
		B859F8381775C83900313DE0 /* SDWebImageDecoder.m in Sources */ = {isa = PBXBuildFile; fileRef = B859F82A1775C83900313DE0 /* SDWebImageDecoder.m */; settings = {COMPILER_FLAGS = "-fno-objc-arc"; }; };
		B859F8391775C83900313DE0 /* SDWebImageDownloader.m in Sources */ = {isa = PBXBuildFile; fileRef = B859F82C1775C83900313DE0 /* SDWebImageDownloader.m */; settings = {COMPILER_FLAGS = "-fno-objc-arc"; }; };
		B859F83A1775C83900313DE0 /* SDWebImageManager.m in Sources */ = {isa = PBXBuildFile; fileRef = B859F82F1775C83900313DE0 /* SDWebImageManager.m */; settings = {COMPILER_FLAGS = "-fno-objc-arc"; }; };
		B859F83B1775C83900313DE0 /* SDWebImagePrefetcher.m in Sources */ = {isa = PBXBuildFile; fileRef = B859F8321775C83900313DE0 /* SDWebImagePrefetcher.m */; settings = {COMPILER_FLAGS = "-fno-objc-arc"; }; };
		B859F83C1775C83900313DE0 /* UIButton+WebCache.m in Sources */ = {isa = PBXBuildFile; fileRef = B859F8341775C83900313DE0 /* UIButton+WebCache.m */; settings = {COMPILER_FLAGS = "-fno-objc-arc"; }; };
		B859F83D1775C83900313DE0 /* UIImageView+WebCache.m in Sources */ = {isa = PBXBuildFile; fileRef = B859F8361775C83900313DE0 /* UIImageView+WebCache.m */; settings = {COMPILER_FLAGS = "-fno-objc-arc"; }; };
		B859F83F1775C91500313DE0 /* QuartzCore.framework in Frameworks */ = {isa = PBXBuildFile; fileRef = B859F83E1775C91500313DE0 /* QuartzCore.framework */; };
		B859F8411775C96E00313DE0 /* CFNetwork.framework in Frameworks */ = {isa = PBXBuildFile; fileRef = B859F8401775C96D00313DE0 /* CFNetwork.framework */; };
		B859F8431775C97A00313DE0 /* SystemConfiguration.framework in Frameworks */ = {isa = PBXBuildFile; fileRef = B859F8421775C97A00313DE0 /* SystemConfiguration.framework */; };
		B859F8451775C99000313DE0 /* MobileCoreServices.framework in Frameworks */ = {isa = PBXBuildFile; fileRef = B859F8441775C99000313DE0 /* MobileCoreServices.framework */; };
		B859F8471775C9A300313DE0 /* libz.dylib in Frameworks */ = {isa = PBXBuildFile; fileRef = B859F8461775C9A300313DE0 /* libz.dylib */; };
		B859F8491775CA4B00313DE0 /* ImageIO.framework in Frameworks */ = {isa = PBXBuildFile; fileRef = B859F8481775CA4B00313DE0 /* ImageIO.framework */; };
		B859F84F1775CD0700313DE0 /* LeftMenuController.m in Sources */ = {isa = PBXBuildFile; fileRef = B859F84E1775CD0700313DE0 /* LeftMenuController.m */; };
		B859F8521775D03600313DE0 /* LeftMenuCell.m in Sources */ = {isa = PBXBuildFile; fileRef = B859F8511775D03600313DE0 /* LeftMenuCell.m */; };
		B859F85C1775D8E100313DE0 /* PlazeViewController.m in Sources */ = {isa = PBXBuildFile; fileRef = B859F85B1775D8E100313DE0 /* PlazeViewController.m */; };
		B859F8621775E36500313DE0 /* AHCusNavBarView.m in Sources */ = {isa = PBXBuildFile; fileRef = B859F8611775E36500313DE0 /* AHCusNavBarView.m */; };
		B859F8641775E64F00313DE0 /* leftArrow@2x.png in Resources */ = {isa = PBXBuildFile; fileRef = B859F8631775E64F00313DE0 /* leftArrow@2x.png */; };
		B859F8681775E6A400313DE0 /* left_Icon_home@2x.png in Resources */ = {isa = PBXBuildFile; fileRef = B859F8651775E6A400313DE0 /* left_Icon_home@2x.png */; };
		B859F8691775E6A400313DE0 /* left_Icon_mes@2x.png in Resources */ = {isa = PBXBuildFile; fileRef = B859F8661775E6A400313DE0 /* left_Icon_mes@2x.png */; };
		B859F86A1775E6A400313DE0 /* left_Icon_setting@2x.png in Resources */ = {isa = PBXBuildFile; fileRef = B859F8671775E6A400313DE0 /* left_Icon_setting@2x.png */; };
		B8C2B82F1776A5EE00B559AA /* leftMenuHigthed@2x.png in Resources */ = {isa = PBXBuildFile; fileRef = B8C2B82E1776A5EE00B559AA /* leftMenuHigthed@2x.png */; };
		B8C2B8321776A9E300B559AA /* CountLabel.m in Sources */ = {isa = PBXBuildFile; fileRef = B8C2B8301776A9E300B559AA /* CountLabel.m */; };
		B8C2B8341776B2BA00B559AA /* mes_Countbg@2x.png in Resources */ = {isa = PBXBuildFile; fileRef = B8C2B8331776B2BA00B559AA /* mes_Countbg@2x.png */; };
		B8C2B8371776C24F00B559AA /* PortraitView.m in Sources */ = {isa = PBXBuildFile; fileRef = B8C2B8361776C24F00B559AA /* PortraitView.m */; };
		B8C2B83C1776CD9F00B559AA /* RightSerachController.m in Sources */ = {isa = PBXBuildFile; fileRef = B8C2B83B1776CD9F00B559AA /* RightSerachController.m */; };
		B8C2B8451777229B00B559AA /* EGORefreshTableHeaderView.m in Sources */ = {isa = PBXBuildFile; fileRef = B8C2B83F1777229B00B559AA /* EGORefreshTableHeaderView.m */; };
		B8C2B8461777229B00B559AA /* EGRefreshTableView.m in Sources */ = {isa = PBXBuildFile; fileRef = B8C2B8411777229B00B559AA /* EGRefreshTableView.m */; };
		B8C2B8471777229B00B559AA /* load_more_pics.png in Resources */ = {isa = PBXBuildFile; fileRef = B8C2B8421777229B00B559AA /* load_more_pics.png */; };
		B8C2B8481777229B00B559AA /* SCPMoreTableFootView.m in Sources */ = {isa = PBXBuildFile; fileRef = B8C2B8441777229B00B559AA /* SCPMoreTableFootView.m */; };
		B8C2B850177730EB00B559AA /* search_bg@2x.png in Resources */ = {isa = PBXBuildFile; fileRef = B8C2B84F177730EB00B559AA /* search_bg@2x.png */; };
		B8C2B8531777342400B559AA /* search_Icon@2x.png in Resources */ = {isa = PBXBuildFile; fileRef = B8C2B8521777342400B559AA /* search_Icon@2x.png */; };
		C59D51D21777F31900A635DD /* CountryListCell.m in Sources */ = {isa = PBXBuildFile; fileRef = C59D51D11777F31900A635DD /* CountryListCell.m */; };
		C59D51D517781CDA00A635DD /* CityViewController.m in Sources */ = {isa = PBXBuildFile; fileRef = C59D51D417781CD900A635DD /* CityViewController.m */; };
		C59D51D717782A2200A635DD /* right_Menu_back@2x.png in Resources */ = {isa = PBXBuildFile; fileRef = C59D51D617782A2200A635DD /* right_Menu_back@2x.png */; };
		C59D51DD17784F8D00A635DD /* menuLine@2x.png in Resources */ = {isa = PBXBuildFile; fileRef = C59D51DC17784F8D00A635DD /* menuLine@2x.png */; };
		C59D51E317785D5F00A635DD /* AwesomeMenu.m in Sources */ = {isa = PBXBuildFile; fileRef = C59D51E017785D5F00A635DD /* AwesomeMenu.m */; };
		C59D51E417785D5F00A635DD /* AwesomeMenuItem.m in Sources */ = {isa = PBXBuildFile; fileRef = C59D51E217785D5F00A635DD /* AwesomeMenuItem.m */; };
		C59D51E81778622300A635DD /* PlazeCell.m in Sources */ = {isa = PBXBuildFile; fileRef = C59D51E71778622300A635DD /* PlazeCell.m */; };
		C59D51F11778623100A635DD /* bg-addbutton-highlighted@2x.png in Resources */ = {isa = PBXBuildFile; fileRef = C59D51EA1778623100A635DD /* bg-addbutton-highlighted@2x.png */; };
		C59D51F21778623100A635DD /* bg-addbutton@2x.png in Resources */ = {isa = PBXBuildFile; fileRef = C59D51EB1778623100A635DD /* bg-addbutton@2x.png */; };
		C59D51F31778623100A635DD /* bg-menuitem-highlighted@2x.png in Resources */ = {isa = PBXBuildFile; fileRef = C59D51EC1778623100A635DD /* bg-menuitem-highlighted@2x.png */; };
		C59D51F41778623100A635DD /* bg-menuitem@2x.png in Resources */ = {isa = PBXBuildFile; fileRef = C59D51ED1778623100A635DD /* bg-menuitem@2x.png */; };
		C59D51F61778623100A635DD /* icon-plus@2x.png in Resources */ = {isa = PBXBuildFile; fileRef = C59D51EF1778623100A635DD /* icon-plus@2x.png */; };
/* End PBXBuildFile section */

/* Begin PBXFileReference section */
		B8404E1D1778872B00EDCBB9 /* icon_food@2x.png */ = {isa = PBXFileReference; lastKnownFileType = image.png; path = "icon_food@2x.png"; sourceTree = "<group>"; };
		B8404E1E1778872B00EDCBB9 /* icon_hotel@2x.png */ = {isa = PBXFileReference; lastKnownFileType = image.png; path = "icon_hotel@2x.png"; sourceTree = "<group>"; };
		B8404E1F1778872B00EDCBB9 /* icon_shopping@2x.png */ = {isa = PBXFileReference; lastKnownFileType = image.png; path = "icon_shopping@2x.png"; sourceTree = "<group>"; };
		B8404E201778872B00EDCBB9 /* icon_sight@2x.png */ = {isa = PBXFileReference; lastKnownFileType = image.png; path = "icon_sight@2x.png"; sourceTree = "<group>"; };
		B8404E211778872B00EDCBB9 /* icon-drink@2x.png */ = {isa = PBXFileReference; lastKnownFileType = image.png; path = "icon-drink@2x.png"; sourceTree = "<group>"; };
		B859F7CE1775AC4C00313DE0 /* AhaTrip.app */ = {isa = PBXFileReference; explicitFileType = wrapper.application; includeInIndex = 0; path = AhaTrip.app; sourceTree = BUILT_PRODUCTS_DIR; };
		B859F7D11775AC4C00313DE0 /* UIKit.framework */ = {isa = PBXFileReference; lastKnownFileType = wrapper.framework; name = UIKit.framework; path = System/Library/Frameworks/UIKit.framework; sourceTree = SDKROOT; };
		B859F7D31775AC4C00313DE0 /* Foundation.framework */ = {isa = PBXFileReference; lastKnownFileType = wrapper.framework; name = Foundation.framework; path = System/Library/Frameworks/Foundation.framework; sourceTree = SDKROOT; };
		B859F7D51775AC4C00313DE0 /* CoreGraphics.framework */ = {isa = PBXFileReference; lastKnownFileType = wrapper.framework; name = CoreGraphics.framework; path = System/Library/Frameworks/CoreGraphics.framework; sourceTree = SDKROOT; };
		B859F7D91775AC4C00313DE0 /* AhaTrip-Info.plist */ = {isa = PBXFileReference; lastKnownFileType = text.plist.xml; path = "AhaTrip-Info.plist"; sourceTree = "<group>"; };
		B859F7DB1775AC4C00313DE0 /* en */ = {isa = PBXFileReference; lastKnownFileType = text.plist.strings; name = en; path = en.lproj/InfoPlist.strings; sourceTree = "<group>"; };
		B859F7DD1775AC4C00313DE0 /* main.m */ = {isa = PBXFileReference; lastKnownFileType = sourcecode.c.objc; path = main.m; sourceTree = "<group>"; };
		B859F7DF1775AC4C00313DE0 /* AhaTrip-Prefix.pch */ = {isa = PBXFileReference; lastKnownFileType = sourcecode.c.h; path = "AhaTrip-Prefix.pch"; sourceTree = "<group>"; };
		B859F7E01775AC4C00313DE0 /* AppDelegate.h */ = {isa = PBXFileReference; lastKnownFileType = sourcecode.c.h; path = AppDelegate.h; sourceTree = "<group>"; };
		B859F7E11775AC4C00313DE0 /* AppDelegate.m */ = {isa = PBXFileReference; lastKnownFileType = sourcecode.c.objc; path = AppDelegate.m; sourceTree = "<group>"; };
		B859F7E31775AC4C00313DE0 /* Default.png */ = {isa = PBXFileReference; lastKnownFileType = image.png; path = Default.png; sourceTree = "<group>"; };
		B859F7E51775AC4C00313DE0 /* Default@2x.png */ = {isa = PBXFileReference; lastKnownFileType = image.png; path = "Default@2x.png"; sourceTree = "<group>"; };
		B859F7E71775AC4C00313DE0 /* Default-568h@2x.png */ = {isa = PBXFileReference; lastKnownFileType = image.png; path = "Default-568h@2x.png"; sourceTree = "<group>"; };
		B859F7F01775C69E00313DE0 /* ASIAuthenticationDialog.h */ = {isa = PBXFileReference; fileEncoding = 4; lastKnownFileType = sourcecode.c.h; path = ASIAuthenticationDialog.h; sourceTree = "<group>"; };
		B859F7F11775C69E00313DE0 /* ASIAuthenticationDialog.m */ = {isa = PBXFileReference; fileEncoding = 4; lastKnownFileType = sourcecode.c.objc; path = ASIAuthenticationDialog.m; sourceTree = "<group>"; };
		B859F7F21775C69E00313DE0 /* ASICacheDelegate.h */ = {isa = PBXFileReference; fileEncoding = 4; lastKnownFileType = sourcecode.c.h; path = ASICacheDelegate.h; sourceTree = "<group>"; };
		B859F7F31775C69E00313DE0 /* ASIDataCompressor.h */ = {isa = PBXFileReference; fileEncoding = 4; lastKnownFileType = sourcecode.c.h; path = ASIDataCompressor.h; sourceTree = "<group>"; };
		B859F7F41775C69E00313DE0 /* ASIDataCompressor.m */ = {isa = PBXFileReference; fileEncoding = 4; lastKnownFileType = sourcecode.c.objc; path = ASIDataCompressor.m; sourceTree = "<group>"; };
		B859F7F51775C69E00313DE0 /* ASIDataDecompressor.h */ = {isa = PBXFileReference; fileEncoding = 4; lastKnownFileType = sourcecode.c.h; path = ASIDataDecompressor.h; sourceTree = "<group>"; };
		B859F7F61775C69E00313DE0 /* ASIDataDecompressor.m */ = {isa = PBXFileReference; fileEncoding = 4; lastKnownFileType = sourcecode.c.objc; path = ASIDataDecompressor.m; sourceTree = "<group>"; };
		B859F7F71775C69E00313DE0 /* ASIDownloadCache.h */ = {isa = PBXFileReference; fileEncoding = 4; lastKnownFileType = sourcecode.c.h; path = ASIDownloadCache.h; sourceTree = "<group>"; };
		B859F7F81775C69E00313DE0 /* ASIDownloadCache.m */ = {isa = PBXFileReference; fileEncoding = 4; lastKnownFileType = sourcecode.c.objc; path = ASIDownloadCache.m; sourceTree = "<group>"; };
		B859F7F91775C69E00313DE0 /* ASIFormDataRequest.h */ = {isa = PBXFileReference; fileEncoding = 4; lastKnownFileType = sourcecode.c.h; path = ASIFormDataRequest.h; sourceTree = "<group>"; };
		B859F7FA1775C69E00313DE0 /* ASIFormDataRequest.m */ = {isa = PBXFileReference; fileEncoding = 4; lastKnownFileType = sourcecode.c.objc; path = ASIFormDataRequest.m; sourceTree = "<group>"; };
		B859F7FB1775C69E00313DE0 /* ASIHTTPRequest.h */ = {isa = PBXFileReference; fileEncoding = 4; lastKnownFileType = sourcecode.c.h; path = ASIHTTPRequest.h; sourceTree = "<group>"; };
		B859F7FC1775C69E00313DE0 /* ASIHTTPRequest.m */ = {isa = PBXFileReference; fileEncoding = 4; lastKnownFileType = sourcecode.c.objc; path = ASIHTTPRequest.m; sourceTree = "<group>"; };
		B859F7FD1775C69E00313DE0 /* ASIHTTPRequestConfig.h */ = {isa = PBXFileReference; fileEncoding = 4; lastKnownFileType = sourcecode.c.h; path = ASIHTTPRequestConfig.h; sourceTree = "<group>"; };
		B859F7FE1775C69E00313DE0 /* ASIHTTPRequestDelegate.h */ = {isa = PBXFileReference; fileEncoding = 4; lastKnownFileType = sourcecode.c.h; path = ASIHTTPRequestDelegate.h; sourceTree = "<group>"; };
		B859F7FF1775C69E00313DE0 /* ASIInputStream.h */ = {isa = PBXFileReference; fileEncoding = 4; lastKnownFileType = sourcecode.c.h; path = ASIInputStream.h; sourceTree = "<group>"; };
		B859F8001775C69E00313DE0 /* ASIInputStream.m */ = {isa = PBXFileReference; fileEncoding = 4; lastKnownFileType = sourcecode.c.objc; path = ASIInputStream.m; sourceTree = "<group>"; };
		B859F8011775C69E00313DE0 /* ASINetworkQueue.h */ = {isa = PBXFileReference; fileEncoding = 4; lastKnownFileType = sourcecode.c.h; path = ASINetworkQueue.h; sourceTree = "<group>"; };
		B859F8021775C69E00313DE0 /* ASINetworkQueue.m */ = {isa = PBXFileReference; fileEncoding = 4; lastKnownFileType = sourcecode.c.objc; path = ASINetworkQueue.m; sourceTree = "<group>"; };
		B859F8031775C69E00313DE0 /* ASIProgressDelegate.h */ = {isa = PBXFileReference; fileEncoding = 4; lastKnownFileType = sourcecode.c.h; path = ASIProgressDelegate.h; sourceTree = "<group>"; };
		B859F8041775C69E00313DE0 /* Reachability.h */ = {isa = PBXFileReference; fileEncoding = 4; lastKnownFileType = sourcecode.c.h; path = Reachability.h; sourceTree = "<group>"; };
		B859F8051775C69E00313DE0 /* Reachability.m */ = {isa = PBXFileReference; fileEncoding = 4; lastKnownFileType = sourcecode.c.objc; path = Reachability.m; sourceTree = "<group>"; };
		B859F8101775C6CF00313DE0 /* MBProgressHUD.h */ = {isa = PBXFileReference; fileEncoding = 4; lastKnownFileType = sourcecode.c.h; path = MBProgressHUD.h; sourceTree = "<group>"; };
		B859F8111775C6CF00313DE0 /* MBProgressHUD.m */ = {isa = PBXFileReference; fileEncoding = 4; lastKnownFileType = sourcecode.c.objc; path = MBProgressHUD.m; sourceTree = "<group>"; };
		B859F8141775C70F00313DE0 /* IIViewDeckController.h */ = {isa = PBXFileReference; fileEncoding = 4; lastKnownFileType = sourcecode.c.h; path = IIViewDeckController.h; sourceTree = "<group>"; };
		B859F8151775C70F00313DE0 /* IIViewDeckController.m */ = {isa = PBXFileReference; fileEncoding = 4; lastKnownFileType = sourcecode.c.objc; path = IIViewDeckController.m; sourceTree = "<group>"; };
		B859F8161775C70F00313DE0 /* IIWrapController.h */ = {isa = PBXFileReference; fileEncoding = 4; lastKnownFileType = sourcecode.c.h; path = IIWrapController.h; sourceTree = "<group>"; };
		B859F8171775C70F00313DE0 /* IIWrapController.m */ = {isa = PBXFileReference; fileEncoding = 4; lastKnownFileType = sourcecode.c.objc; path = IIWrapController.m; sourceTree = "<group>"; };
		B859F8181775C70F00313DE0 /* LeftSideViewIcon.png */ = {isa = PBXFileReference; lastKnownFileType = image.png; path = LeftSideViewIcon.png; sourceTree = "<group>"; };
		B859F81D1775C78200313DE0 /* libMobClickLibrary.a */ = {isa = PBXFileReference; lastKnownFileType = archive.ar; path = libMobClickLibrary.a; sourceTree = "<group>"; };
		B859F81E1775C78200313DE0 /* libUMFeedback.a */ = {isa = PBXFileReference; lastKnownFileType = archive.ar; path = libUMFeedback.a; sourceTree = "<group>"; };
		B859F81F1775C78200313DE0 /* MobClick.h */ = {isa = PBXFileReference; fileEncoding = 4; lastKnownFileType = sourcecode.c.h; path = MobClick.h; sourceTree = "<group>"; };
		B859F8201775C78200313DE0 /* UMAppKey.h */ = {isa = PBXFileReference; fileEncoding = 4; lastKnownFileType = sourcecode.c.h; path = UMAppKey.h; sourceTree = "<group>"; };
		B859F8211775C78200313DE0 /* UMFeedback.h */ = {isa = PBXFileReference; fileEncoding = 4; lastKnownFileType = sourcecode.c.h; path = UMFeedback.h; sourceTree = "<group>"; };
		B859F8251775C83900313DE0 /* SDImageCache.h */ = {isa = PBXFileReference; fileEncoding = 4; lastKnownFileType = sourcecode.c.h; path = SDImageCache.h; sourceTree = "<group>"; };
		B859F8261775C83900313DE0 /* SDImageCache.m */ = {isa = PBXFileReference; fileEncoding = 4; lastKnownFileType = sourcecode.c.objc; path = SDImageCache.m; sourceTree = "<group>"; };
		B859F8271775C83900313DE0 /* SDImageCacheDelegate.h */ = {isa = PBXFileReference; fileEncoding = 4; lastKnownFileType = sourcecode.c.h; path = SDImageCacheDelegate.h; sourceTree = "<group>"; };
		B859F8281775C83900313DE0 /* SDWebImageCompat.h */ = {isa = PBXFileReference; fileEncoding = 4; lastKnownFileType = sourcecode.c.h; path = SDWebImageCompat.h; sourceTree = "<group>"; };
		B859F8291775C83900313DE0 /* SDWebImageDecoder.h */ = {isa = PBXFileReference; fileEncoding = 4; lastKnownFileType = sourcecode.c.h; path = SDWebImageDecoder.h; sourceTree = "<group>"; };
		B859F82A1775C83900313DE0 /* SDWebImageDecoder.m */ = {isa = PBXFileReference; fileEncoding = 4; lastKnownFileType = sourcecode.c.objc; path = SDWebImageDecoder.m; sourceTree = "<group>"; };
		B859F82B1775C83900313DE0 /* SDWebImageDownloader.h */ = {isa = PBXFileReference; fileEncoding = 4; lastKnownFileType = sourcecode.c.h; path = SDWebImageDownloader.h; sourceTree = "<group>"; };
		B859F82C1775C83900313DE0 /* SDWebImageDownloader.m */ = {isa = PBXFileReference; fileEncoding = 4; lastKnownFileType = sourcecode.c.objc; path = SDWebImageDownloader.m; sourceTree = "<group>"; };
		B859F82D1775C83900313DE0 /* SDWebImageDownloaderDelegate.h */ = {isa = PBXFileReference; fileEncoding = 4; lastKnownFileType = sourcecode.c.h; path = SDWebImageDownloaderDelegate.h; sourceTree = "<group>"; };
		B859F82E1775C83900313DE0 /* SDWebImageManager.h */ = {isa = PBXFileReference; fileEncoding = 4; lastKnownFileType = sourcecode.c.h; path = SDWebImageManager.h; sourceTree = "<group>"; };
		B859F82F1775C83900313DE0 /* SDWebImageManager.m */ = {isa = PBXFileReference; fileEncoding = 4; lastKnownFileType = sourcecode.c.objc; path = SDWebImageManager.m; sourceTree = "<group>"; };
		B859F8301775C83900313DE0 /* SDWebImageManagerDelegate.h */ = {isa = PBXFileReference; fileEncoding = 4; lastKnownFileType = sourcecode.c.h; path = SDWebImageManagerDelegate.h; sourceTree = "<group>"; };
		B859F8311775C83900313DE0 /* SDWebImagePrefetcher.h */ = {isa = PBXFileReference; fileEncoding = 4; lastKnownFileType = sourcecode.c.h; path = SDWebImagePrefetcher.h; sourceTree = "<group>"; };
		B859F8321775C83900313DE0 /* SDWebImagePrefetcher.m */ = {isa = PBXFileReference; fileEncoding = 4; lastKnownFileType = sourcecode.c.objc; path = SDWebImagePrefetcher.m; sourceTree = "<group>"; };
		B859F8331775C83900313DE0 /* UIButton+WebCache.h */ = {isa = PBXFileReference; fileEncoding = 4; lastKnownFileType = sourcecode.c.h; path = "UIButton+WebCache.h"; sourceTree = "<group>"; };
		B859F8341775C83900313DE0 /* UIButton+WebCache.m */ = {isa = PBXFileReference; fileEncoding = 4; lastKnownFileType = sourcecode.c.objc; path = "UIButton+WebCache.m"; sourceTree = "<group>"; };
		B859F8351775C83900313DE0 /* UIImageView+WebCache.h */ = {isa = PBXFileReference; fileEncoding = 4; lastKnownFileType = sourcecode.c.h; path = "UIImageView+WebCache.h"; sourceTree = "<group>"; };
		B859F8361775C83900313DE0 /* UIImageView+WebCache.m */ = {isa = PBXFileReference; fileEncoding = 4; lastKnownFileType = sourcecode.c.objc; path = "UIImageView+WebCache.m"; sourceTree = "<group>"; };
		B859F83E1775C91500313DE0 /* QuartzCore.framework */ = {isa = PBXFileReference; lastKnownFileType = wrapper.framework; name = QuartzCore.framework; path = System/Library/Frameworks/QuartzCore.framework; sourceTree = SDKROOT; };
		B859F8401775C96D00313DE0 /* CFNetwork.framework */ = {isa = PBXFileReference; lastKnownFileType = wrapper.framework; name = CFNetwork.framework; path = System/Library/Frameworks/CFNetwork.framework; sourceTree = SDKROOT; };
		B859F8421775C97A00313DE0 /* SystemConfiguration.framework */ = {isa = PBXFileReference; lastKnownFileType = wrapper.framework; name = SystemConfiguration.framework; path = System/Library/Frameworks/SystemConfiguration.framework; sourceTree = SDKROOT; };
		B859F8441775C99000313DE0 /* MobileCoreServices.framework */ = {isa = PBXFileReference; lastKnownFileType = wrapper.framework; name = MobileCoreServices.framework; path = System/Library/Frameworks/MobileCoreServices.framework; sourceTree = SDKROOT; };
		B859F8461775C9A300313DE0 /* libz.dylib */ = {isa = PBXFileReference; lastKnownFileType = "compiled.mach-o.dylib"; name = libz.dylib; path = usr/lib/libz.dylib; sourceTree = SDKROOT; };
		B859F8481775CA4B00313DE0 /* ImageIO.framework */ = {isa = PBXFileReference; lastKnownFileType = wrapper.framework; name = ImageIO.framework; path = System/Library/Frameworks/ImageIO.framework; sourceTree = SDKROOT; };
		B859F84C1775CCB600313DE0 /* Projectconfig.h */ = {isa = PBXFileReference; fileEncoding = 4; lastKnownFileType = sourcecode.c.h; path = Projectconfig.h; sourceTree = "<group>"; };
		B859F84D1775CD0700313DE0 /* LeftMenuController.h */ = {isa = PBXFileReference; fileEncoding = 4; lastKnownFileType = sourcecode.c.h; path = LeftMenuController.h; sourceTree = "<group>"; };
		B859F84E1775CD0700313DE0 /* LeftMenuController.m */ = {isa = PBXFileReference; fileEncoding = 4; lastKnownFileType = sourcecode.c.objc; path = LeftMenuController.m; sourceTree = "<group>"; };
		B859F8501775D03600313DE0 /* LeftMenuCell.h */ = {isa = PBXFileReference; fileEncoding = 4; lastKnownFileType = sourcecode.c.h; path = LeftMenuCell.h; sourceTree = "<group>"; };
		B859F8511775D03600313DE0 /* LeftMenuCell.m */ = {isa = PBXFileReference; fileEncoding = 4; lastKnownFileType = sourcecode.c.objc; path = LeftMenuCell.m; sourceTree = "<group>"; };
		B859F85A1775D8E000313DE0 /* PlazeViewController.h */ = {isa = PBXFileReference; fileEncoding = 4; lastKnownFileType = sourcecode.c.h; path = PlazeViewController.h; sourceTree = "<group>"; };
		B859F85B1775D8E100313DE0 /* PlazeViewController.m */ = {isa = PBXFileReference; fileEncoding = 4; lastKnownFileType = sourcecode.c.objc; path = PlazeViewController.m; sourceTree = "<group>"; };
		B859F8601775E36500313DE0 /* AHCusNavBarView.h */ = {isa = PBXFileReference; fileEncoding = 4; lastKnownFileType = sourcecode.c.h; path = AHCusNavBarView.h; sourceTree = "<group>"; };
		B859F8611775E36500313DE0 /* AHCusNavBarView.m */ = {isa = PBXFileReference; fileEncoding = 4; lastKnownFileType = sourcecode.c.objc; path = AHCusNavBarView.m; sourceTree = "<group>"; };
		B859F8631775E64F00313DE0 /* leftArrow@2x.png */ = {isa = PBXFileReference; lastKnownFileType = image.png; path = "leftArrow@2x.png"; sourceTree = "<group>"; };
		B859F8651775E6A400313DE0 /* left_Icon_home@2x.png */ = {isa = PBXFileReference; lastKnownFileType = image.png; path = "left_Icon_home@2x.png"; sourceTree = "<group>"; };
		B859F8661775E6A400313DE0 /* left_Icon_mes@2x.png */ = {isa = PBXFileReference; lastKnownFileType = image.png; path = "left_Icon_mes@2x.png"; sourceTree = "<group>"; };
		B859F8671775E6A400313DE0 /* left_Icon_setting@2x.png */ = {isa = PBXFileReference; lastKnownFileType = image.png; path = "left_Icon_setting@2x.png"; sourceTree = "<group>"; };
		B8C2B82E1776A5EE00B559AA /* leftMenuHigthed@2x.png */ = {isa = PBXFileReference; lastKnownFileType = image.png; path = "leftMenuHigthed@2x.png"; sourceTree = "<group>"; };
		B8C2B8301776A9E300B559AA /* CountLabel.m */ = {isa = PBXFileReference; fileEncoding = 4; lastKnownFileType = sourcecode.c.objc; path = CountLabel.m; sourceTree = "<group>"; };
		B8C2B8311776A9E300B559AA /* CountLabel.h */ = {isa = PBXFileReference; fileEncoding = 4; lastKnownFileType = sourcecode.c.h; path = CountLabel.h; sourceTree = "<group>"; };
		B8C2B8331776B2BA00B559AA /* mes_Countbg@2x.png */ = {isa = PBXFileReference; lastKnownFileType = image.png; path = "mes_Countbg@2x.png"; sourceTree = "<group>"; };
		B8C2B8351776C24F00B559AA /* PortraitView.h */ = {isa = PBXFileReference; fileEncoding = 4; lastKnownFileType = sourcecode.c.h; path = PortraitView.h; sourceTree = "<group>"; };
		B8C2B8361776C24F00B559AA /* PortraitView.m */ = {isa = PBXFileReference; fileEncoding = 4; lastKnownFileType = sourcecode.c.objc; path = PortraitView.m; sourceTree = "<group>"; };
		B8C2B83A1776CD9F00B559AA /* RightSerachController.h */ = {isa = PBXFileReference; fileEncoding = 4; lastKnownFileType = sourcecode.c.h; path = RightSerachController.h; sourceTree = "<group>"; };
		B8C2B83B1776CD9F00B559AA /* RightSerachController.m */ = {isa = PBXFileReference; fileEncoding = 4; lastKnownFileType = sourcecode.c.objc; path = RightSerachController.m; sourceTree = "<group>"; };
		B8C2B83E1777229B00B559AA /* EGORefreshTableHeaderView.h */ = {isa = PBXFileReference; fileEncoding = 4; lastKnownFileType = sourcecode.c.h; path = EGORefreshTableHeaderView.h; sourceTree = "<group>"; };
		B8C2B83F1777229B00B559AA /* EGORefreshTableHeaderView.m */ = {isa = PBXFileReference; fileEncoding = 4; lastKnownFileType = sourcecode.c.objc; path = EGORefreshTableHeaderView.m; sourceTree = "<group>"; };
		B8C2B8401777229B00B559AA /* EGRefreshTableView.h */ = {isa = PBXFileReference; fileEncoding = 4; lastKnownFileType = sourcecode.c.h; path = EGRefreshTableView.h; sourceTree = "<group>"; };
		B8C2B8411777229B00B559AA /* EGRefreshTableView.m */ = {isa = PBXFileReference; fileEncoding = 4; lastKnownFileType = sourcecode.c.objc; path = EGRefreshTableView.m; sourceTree = "<group>"; };
		B8C2B8421777229B00B559AA /* load_more_pics.png */ = {isa = PBXFileReference; lastKnownFileType = image.png; path = load_more_pics.png; sourceTree = "<group>"; };
		B8C2B8431777229B00B559AA /* SCPMoreTableFootView.h */ = {isa = PBXFileReference; fileEncoding = 4; lastKnownFileType = sourcecode.c.h; path = SCPMoreTableFootView.h; sourceTree = "<group>"; };
		B8C2B8441777229B00B559AA /* SCPMoreTableFootView.m */ = {isa = PBXFileReference; fileEncoding = 4; lastKnownFileType = sourcecode.c.objc; path = SCPMoreTableFootView.m; sourceTree = "<group>"; };
		B8C2B84F177730EB00B559AA /* search_bg@2x.png */ = {isa = PBXFileReference; lastKnownFileType = image.png; path = "search_bg@2x.png"; sourceTree = "<group>"; };
		B8C2B8521777342400B559AA /* search_Icon@2x.png */ = {isa = PBXFileReference; lastKnownFileType = image.png; path = "search_Icon@2x.png"; sourceTree = "<group>"; };
		C59D51D01777F31900A635DD /* CountryListCell.h */ = {isa = PBXFileReference; fileEncoding = 4; lastKnownFileType = sourcecode.c.h; path = CountryListCell.h; sourceTree = "<group>"; };
		C59D51D11777F31900A635DD /* CountryListCell.m */ = {isa = PBXFileReference; fileEncoding = 4; lastKnownFileType = sourcecode.c.objc; path = CountryListCell.m; sourceTree = "<group>"; };
		C59D51D317781CD900A635DD /* CityViewController.h */ = {isa = PBXFileReference; fileEncoding = 4; lastKnownFileType = sourcecode.c.h; path = CityViewController.h; sourceTree = "<group>"; };
		C59D51D417781CD900A635DD /* CityViewController.m */ = {isa = PBXFileReference; fileEncoding = 4; lastKnownFileType = sourcecode.c.objc; path = CityViewController.m; sourceTree = "<group>"; };
		C59D51D617782A2200A635DD /* right_Menu_back@2x.png */ = {isa = PBXFileReference; lastKnownFileType = image.png; path = "right_Menu_back@2x.png"; sourceTree = "<group>"; };
		C59D51DC17784F8D00A635DD /* menuLine@2x.png */ = {isa = PBXFileReference; lastKnownFileType = image.png; path = "menuLine@2x.png"; sourceTree = "<group>"; };
		C59D51DF17785D5F00A635DD /* AwesomeMenu.h */ = {isa = PBXFileReference; fileEncoding = 4; lastKnownFileType = sourcecode.c.h; path = AwesomeMenu.h; sourceTree = "<group>"; };
		C59D51E017785D5F00A635DD /* AwesomeMenu.m */ = {isa = PBXFileReference; fileEncoding = 4; lastKnownFileType = sourcecode.c.objc; path = AwesomeMenu.m; sourceTree = "<group>"; };
		C59D51E117785D5F00A635DD /* AwesomeMenuItem.h */ = {isa = PBXFileReference; fileEncoding = 4; lastKnownFileType = sourcecode.c.h; path = AwesomeMenuItem.h; sourceTree = "<group>"; };
		C59D51E217785D5F00A635DD /* AwesomeMenuItem.m */ = {isa = PBXFileReference; fileEncoding = 4; lastKnownFileType = sourcecode.c.objc; path = AwesomeMenuItem.m; sourceTree = "<group>"; };
		C59D51E61778622300A635DD /* PlazeCell.h */ = {isa = PBXFileReference; fileEncoding = 4; lastKnownFileType = sourcecode.c.h; path = PlazeCell.h; sourceTree = "<group>"; };
		C59D51E71778622300A635DD /* PlazeCell.m */ = {isa = PBXFileReference; fileEncoding = 4; lastKnownFileType = sourcecode.c.objc; path = PlazeCell.m; sourceTree = "<group>"; };
		C59D51EA1778623100A635DD /* bg-addbutton-highlighted@2x.png */ = {isa = PBXFileReference; lastKnownFileType = image.png; path = "bg-addbutton-highlighted@2x.png"; sourceTree = "<group>"; };
		C59D51EB1778623100A635DD /* bg-addbutton@2x.png */ = {isa = PBXFileReference; lastKnownFileType = image.png; path = "bg-addbutton@2x.png"; sourceTree = "<group>"; };
		C59D51EC1778623100A635DD /* bg-menuitem-highlighted@2x.png */ = {isa = PBXFileReference; lastKnownFileType = image.png; path = "bg-menuitem-highlighted@2x.png"; sourceTree = "<group>"; };
		C59D51ED1778623100A635DD /* bg-menuitem@2x.png */ = {isa = PBXFileReference; lastKnownFileType = image.png; path = "bg-menuitem@2x.png"; sourceTree = "<group>"; };
		C59D51EF1778623100A635DD /* icon-plus@2x.png */ = {isa = PBXFileReference; lastKnownFileType = image.png; path = "icon-plus@2x.png"; sourceTree = "<group>"; };
/* End PBXFileReference section */

/* Begin PBXFrameworksBuildPhase section */
		B859F7CB1775AC4C00313DE0 /* Frameworks */ = {
			isa = PBXFrameworksBuildPhase;
			buildActionMask = 2147483647;
			files = (
				B859F8491775CA4B00313DE0 /* ImageIO.framework in Frameworks */,
				B859F8471775C9A300313DE0 /* libz.dylib in Frameworks */,
				B859F8451775C99000313DE0 /* MobileCoreServices.framework in Frameworks */,
				B859F8431775C97A00313DE0 /* SystemConfiguration.framework in Frameworks */,
				B859F8411775C96E00313DE0 /* CFNetwork.framework in Frameworks */,
				B859F83F1775C91500313DE0 /* QuartzCore.framework in Frameworks */,
				B859F7D21775AC4C00313DE0 /* UIKit.framework in Frameworks */,
				B859F7D41775AC4C00313DE0 /* Foundation.framework in Frameworks */,
				B859F7D61775AC4C00313DE0 /* CoreGraphics.framework in Frameworks */,
				B859F8221775C78200313DE0 /* libMobClickLibrary.a in Frameworks */,
				B859F8231775C78200313DE0 /* libUMFeedback.a in Frameworks */,
			);
			runOnlyForDeploymentPostprocessing = 0;
		};
/* End PBXFrameworksBuildPhase section */

/* Begin PBXGroup section */
		B859F7C51775AC4C00313DE0 = {
			isa = PBXGroup;
			children = (
				B859F7D71775AC4C00313DE0 /* AhaTrip */,
				B859F7D01775AC4C00313DE0 /* Frameworks */,
				B859F7CF1775AC4C00313DE0 /* Products */,
			);
			sourceTree = "<group>";
		};
		B859F7CF1775AC4C00313DE0 /* Products */ = {
			isa = PBXGroup;
			children = (
				B859F7CE1775AC4C00313DE0 /* AhaTrip.app */,
			);
			name = Products;
			sourceTree = "<group>";
		};
		B859F7D01775AC4C00313DE0 /* Frameworks */ = {
			isa = PBXGroup;
			children = (
				B859F83E1775C91500313DE0 /* QuartzCore.framework */,
				B859F8481775CA4B00313DE0 /* ImageIO.framework */,
				B859F8461775C9A300313DE0 /* libz.dylib */,
				B859F8441775C99000313DE0 /* MobileCoreServices.framework */,
				B859F8421775C97A00313DE0 /* SystemConfiguration.framework */,
				B859F8401775C96D00313DE0 /* CFNetwork.framework */,
				B859F7D11775AC4C00313DE0 /* UIKit.framework */,
				B859F7D31775AC4C00313DE0 /* Foundation.framework */,
				B859F7D51775AC4C00313DE0 /* CoreGraphics.framework */,
			);
			name = Frameworks;
			sourceTree = "<group>";
		};
		B859F7D71775AC4C00313DE0 /* AhaTrip */ = {
			isa = PBXGroup;
			children = (
				B859F7E01775AC4C00313DE0 /* AppDelegate.h */,
				B859F7E11775AC4C00313DE0 /* AppDelegate.m */,
				B859F85D1775E30B00313DE0 /* PlazeViewController */,
				B859F84A1775CA7100313DE0 /* LeftMenu */,
				B859F84B1775CA7E00313DE0 /* RigthtMenu */,
				B859F8561775D6A000313DE0 /* Resource */,
				B859F85F1775E34400313DE0 /* Plus */,
				B859F7EE1775C5F700313DE0 /* External */,
				B859F7D81775AC4C00313DE0 /* Supporting Files */,
			);
			path = AhaTrip;
			sourceTree = "<group>";
		};
		B859F7D81775AC4C00313DE0 /* Supporting Files */ = {
			isa = PBXGroup;
			children = (
				B859F84C1775CCB600313DE0 /* Projectconfig.h */,
				B859F7D91775AC4C00313DE0 /* AhaTrip-Info.plist */,
				B859F7DA1775AC4C00313DE0 /* InfoPlist.strings */,
				B859F7DD1775AC4C00313DE0 /* main.m */,
				B859F7DF1775AC4C00313DE0 /* AhaTrip-Prefix.pch */,
				B859F7E31775AC4C00313DE0 /* Default.png */,
				B859F7E51775AC4C00313DE0 /* Default@2x.png */,
				B859F7E71775AC4C00313DE0 /* Default-568h@2x.png */,
			);
			name = "Supporting Files";
			sourceTree = "<group>";
		};
		B859F7EE1775C5F700313DE0 /* External */ = {
			isa = PBXGroup;
			children = (
				C59D51DE17785D5F00A635DD /* AwesomeMenu */,
				B859F8241775C83900313DE0 /* SDWebImage */,
				B859F81C1775C78200313DE0 /* Umeng */,
				B859F8131775C70F00313DE0 /* ViewDeck */,
				B859F80F1775C6CF00313DE0 /* MBProgressHUD */,
				B859F7EF1775C69E00313DE0 /* ASIHttpRuquest */,
			);
			name = External;
			sourceTree = "<group>";
		};
		B859F7EF1775C69E00313DE0 /* ASIHttpRuquest */ = {
			isa = PBXGroup;
			children = (
				B859F7F01775C69E00313DE0 /* ASIAuthenticationDialog.h */,
				B859F7F11775C69E00313DE0 /* ASIAuthenticationDialog.m */,
				B859F7F21775C69E00313DE0 /* ASICacheDelegate.h */,
				B859F7F31775C69E00313DE0 /* ASIDataCompressor.h */,
				B859F7F41775C69E00313DE0 /* ASIDataCompressor.m */,
				B859F7F51775C69E00313DE0 /* ASIDataDecompressor.h */,
				B859F7F61775C69E00313DE0 /* ASIDataDecompressor.m */,
				B859F7F71775C69E00313DE0 /* ASIDownloadCache.h */,
				B859F7F81775C69E00313DE0 /* ASIDownloadCache.m */,
				B859F7F91775C69E00313DE0 /* ASIFormDataRequest.h */,
				B859F7FA1775C69E00313DE0 /* ASIFormDataRequest.m */,
				B859F7FB1775C69E00313DE0 /* ASIHTTPRequest.h */,
				B859F7FC1775C69E00313DE0 /* ASIHTTPRequest.m */,
				B859F7FD1775C69E00313DE0 /* ASIHTTPRequestConfig.h */,
				B859F7FE1775C69E00313DE0 /* ASIHTTPRequestDelegate.h */,
				B859F7FF1775C69E00313DE0 /* ASIInputStream.h */,
				B859F8001775C69E00313DE0 /* ASIInputStream.m */,
				B859F8011775C69E00313DE0 /* ASINetworkQueue.h */,
				B859F8021775C69E00313DE0 /* ASINetworkQueue.m */,
				B859F8031775C69E00313DE0 /* ASIProgressDelegate.h */,
				B859F8041775C69E00313DE0 /* Reachability.h */,
				B859F8051775C69E00313DE0 /* Reachability.m */,
			);
			path = ASIHttpRuquest;
			sourceTree = "<group>";
		};
		B859F80F1775C6CF00313DE0 /* MBProgressHUD */ = {
			isa = PBXGroup;
			children = (
				B859F8101775C6CF00313DE0 /* MBProgressHUD.h */,
				B859F8111775C6CF00313DE0 /* MBProgressHUD.m */,
			);
			path = MBProgressHUD;
			sourceTree = "<group>";
		};
		B859F8131775C70F00313DE0 /* ViewDeck */ = {
			isa = PBXGroup;
			children = (
				B859F8141775C70F00313DE0 /* IIViewDeckController.h */,
				B859F8151775C70F00313DE0 /* IIViewDeckController.m */,
				B859F8161775C70F00313DE0 /* IIWrapController.h */,
				B859F8171775C70F00313DE0 /* IIWrapController.m */,
				B859F8181775C70F00313DE0 /* LeftSideViewIcon.png */,
			);
			path = ViewDeck;
			sourceTree = "<group>";
		};
		B859F81C1775C78200313DE0 /* Umeng */ = {
			isa = PBXGroup;
			children = (
				B859F81D1775C78200313DE0 /* libMobClickLibrary.a */,
				B859F81E1775C78200313DE0 /* libUMFeedback.a */,
				B859F81F1775C78200313DE0 /* MobClick.h */,
				B859F8201775C78200313DE0 /* UMAppKey.h */,
				B859F8211775C78200313DE0 /* UMFeedback.h */,
			);
			path = Umeng;
			sourceTree = "<group>";
		};
		B859F8241775C83900313DE0 /* SDWebImage */ = {
			isa = PBXGroup;
			children = (
				B859F8251775C83900313DE0 /* SDImageCache.h */,
				B859F8261775C83900313DE0 /* SDImageCache.m */,
				B859F8271775C83900313DE0 /* SDImageCacheDelegate.h */,
				B859F8281775C83900313DE0 /* SDWebImageCompat.h */,
				B859F8291775C83900313DE0 /* SDWebImageDecoder.h */,
				B859F82A1775C83900313DE0 /* SDWebImageDecoder.m */,
				B859F82B1775C83900313DE0 /* SDWebImageDownloader.h */,
				B859F82C1775C83900313DE0 /* SDWebImageDownloader.m */,
				B859F82D1775C83900313DE0 /* SDWebImageDownloaderDelegate.h */,
				B859F82E1775C83900313DE0 /* SDWebImageManager.h */,
				B859F82F1775C83900313DE0 /* SDWebImageManager.m */,
				B859F8301775C83900313DE0 /* SDWebImageManagerDelegate.h */,
				B859F8311775C83900313DE0 /* SDWebImagePrefetcher.h */,
				B859F8321775C83900313DE0 /* SDWebImagePrefetcher.m */,
				B859F8331775C83900313DE0 /* UIButton+WebCache.h */,
				B859F8341775C83900313DE0 /* UIButton+WebCache.m */,
				B859F8351775C83900313DE0 /* UIImageView+WebCache.h */,
				B859F8361775C83900313DE0 /* UIImageView+WebCache.m */,
			);
			path = SDWebImage;
			sourceTree = "<group>";
		};
		B859F84A1775CA7100313DE0 /* LeftMenu */ = {
			isa = PBXGroup;
			children = (
				B859F84D1775CD0700313DE0 /* LeftMenuController.h */,
				B859F84E1775CD0700313DE0 /* LeftMenuController.m */,
				B859F8501775D03600313DE0 /* LeftMenuCell.h */,
				B859F8511775D03600313DE0 /* LeftMenuCell.m */,
				B8C2B8351776C24F00B559AA /* PortraitView.h */,
				B8C2B8361776C24F00B559AA /* PortraitView.m */,
				B8C2B8311776A9E300B559AA /* CountLabel.h */,
				B8C2B8301776A9E300B559AA /* CountLabel.m */,
			);
			name = LeftMenu;
			sourceTree = "<group>";
		};
		B859F84B1775CA7E00313DE0 /* RigthtMenu */ = {
			isa = PBXGroup;
			children = (
				B8C2B83A1776CD9F00B559AA /* RightSerachController.h */,
				B8C2B83B1776CD9F00B559AA /* RightSerachController.m */,
				C59D51D317781CD900A635DD /* CityViewController.h */,
				C59D51D417781CD900A635DD /* CityViewController.m */,
				C59D51D01777F31900A635DD /* CountryListCell.h */,
				C59D51D11777F31900A635DD /* CountryListCell.m */,
			);
			name = RigthtMenu;
			sourceTree = "<group>";
		};
		B859F8561775D6A000313DE0 /* Resource */ = {
			isa = PBXGroup;
			children = (
				C59D51E51778619A00A635DD /* PlazeController */,
				B8C2B851177730F100B559AA /* RightSearch */,
				B859F8571775D6D200313DE0 /* leftMenu */,
			);
			name = Resource;
			sourceTree = "<group>";
		};
		B859F8571775D6D200313DE0 /* leftMenu */ = {
			isa = PBXGroup;
			children = (
				B8C2B8331776B2BA00B559AA /* mes_Countbg@2x.png */,
				B8C2B82E1776A5EE00B559AA /* leftMenuHigthed@2x.png */,
				B859F8651775E6A400313DE0 /* left_Icon_home@2x.png */,
				B859F8661775E6A400313DE0 /* left_Icon_mes@2x.png */,
				B859F8671775E6A400313DE0 /* left_Icon_setting@2x.png */,
				B859F8631775E64F00313DE0 /* leftArrow@2x.png */,
			);
			name = leftMenu;
			sourceTree = "<group>";
		};
		B859F85D1775E30B00313DE0 /* PlazeViewController */ = {
			isa = PBXGroup;
			children = (
				B859F85A1775D8E000313DE0 /* PlazeViewController.h */,
				B859F85B1775D8E100313DE0 /* PlazeViewController.m */,
				C59D51E61778622300A635DD /* PlazeCell.h */,
				C59D51E71778622300A635DD /* PlazeCell.m */,
			);
			name = PlazeViewController;
			sourceTree = "<group>";
		};
		B859F85F1775E34400313DE0 /* Plus */ = {
			isa = PBXGroup;
			children = (
				B8C2B83D1777229B00B559AA /* EGRefreshTableView */,
				B859F8601775E36500313DE0 /* AHCusNavBarView.h */,
				B859F8611775E36500313DE0 /* AHCusNavBarView.m */,
			);
			name = Plus;
			sourceTree = "<group>";
		};
		B8C2B83D1777229B00B559AA /* EGRefreshTableView */ = {
			isa = PBXGroup;
			children = (
				B8C2B83E1777229B00B559AA /* EGORefreshTableHeaderView.h */,
				B8C2B83F1777229B00B559AA /* EGORefreshTableHeaderView.m */,
				B8C2B8401777229B00B559AA /* EGRefreshTableView.h */,
				B8C2B8411777229B00B559AA /* EGRefreshTableView.m */,
				B8C2B8421777229B00B559AA /* load_more_pics.png */,
				B8C2B8431777229B00B559AA /* SCPMoreTableFootView.h */,
				B8C2B8441777229B00B559AA /* SCPMoreTableFootView.m */,
			);
			path = EGRefreshTableView;
			sourceTree = "<group>";
		};
		B8C2B851177730F100B559AA /* RightSearch */ = {
			isa = PBXGroup;
			children = (
				C59D51DC17784F8D00A635DD /* menuLine@2x.png */,
				C59D51D617782A2200A635DD /* right_Menu_back@2x.png */,
				B8C2B8521777342400B559AA /* search_Icon@2x.png */,
				B8C2B84F177730EB00B559AA /* search_bg@2x.png */,
			);
			name = RightSearch;
			sourceTree = "<group>";
		};
		C59D51DE17785D5F00A635DD /* AwesomeMenu */ = {
			isa = PBXGroup;
			children = (
				C59D51DF17785D5F00A635DD /* AwesomeMenu.h */,
				C59D51E017785D5F00A635DD /* AwesomeMenu.m */,
				C59D51E117785D5F00A635DD /* AwesomeMenuItem.h */,
				C59D51E217785D5F00A635DD /* AwesomeMenuItem.m */,
			);
			path = AwesomeMenu;
			sourceTree = "<group>";
		};
		C59D51E51778619A00A635DD /* PlazeController */ = {
			isa = PBXGroup;
			children = (
				C59D51E91778623100A635DD /* PathIcon */,
			);
			name = PlazeController;
			sourceTree = "<group>";
		};
		C59D51E91778623100A635DD /* PathIcon */ = {
			isa = PBXGroup;
			children = (
				B8404E1D1778872B00EDCBB9 /* icon_food@2x.png */,
				B8404E1E1778872B00EDCBB9 /* icon_hotel@2x.png */,
				B8404E1F1778872B00EDCBB9 /* icon_shopping@2x.png */,
				B8404E201778872B00EDCBB9 /* icon_sight@2x.png */,
				B8404E211778872B00EDCBB9 /* icon-drink@2x.png */,
				C59D51EA1778623100A635DD /* bg-addbutton-highlighted@2x.png */,
				C59D51EB1778623100A635DD /* bg-addbutton@2x.png */,
				C59D51EC1778623100A635DD /* bg-menuitem-highlighted@2x.png */,
				C59D51ED1778623100A635DD /* bg-menuitem@2x.png */,
				C59D51EF1778623100A635DD /* icon-plus@2x.png */,
			);
			name = PathIcon;
			path = Images;
			sourceTree = "<group>";
		};
/* End PBXGroup section */

/* Begin PBXNativeTarget section */
		B859F7CD1775AC4C00313DE0 /* AhaTrip */ = {
			isa = PBXNativeTarget;
			buildConfigurationList = B859F7EB1775AC4C00313DE0 /* Build configuration list for PBXNativeTarget "AhaTrip" */;
			buildPhases = (
				B859F7CA1775AC4C00313DE0 /* Sources */,
				B859F7CB1775AC4C00313DE0 /* Frameworks */,
				B859F7CC1775AC4C00313DE0 /* Resources */,
			);
			buildRules = (
			);
			dependencies = (
			);
			name = AhaTrip;
			productName = AhaTrip;
			productReference = B859F7CE1775AC4C00313DE0 /* AhaTrip.app */;
			productType = "com.apple.product-type.application";
		};
/* End PBXNativeTarget section */

/* Begin PBXProject section */
		B859F7C61775AC4C00313DE0 /* Project object */ = {
			isa = PBXProject;
			attributes = {
				LastUpgradeCheck = 0460;
				ORGANIZATIONNAME = ke;
			};
			buildConfigurationList = B859F7C91775AC4C00313DE0 /* Build configuration list for PBXProject "AhaTrip" */;
			compatibilityVersion = "Xcode 3.2";
			developmentRegion = English;
			hasScannedForEncodings = 0;
			knownRegions = (
				en,
			);
			mainGroup = B859F7C51775AC4C00313DE0;
			productRefGroup = B859F7CF1775AC4C00313DE0 /* Products */;
			projectDirPath = "";
			projectRoot = "";
			targets = (
				B859F7CD1775AC4C00313DE0 /* AhaTrip */,
			);
		};
/* End PBXProject section */

/* Begin PBXResourcesBuildPhase section */
		B859F7CC1775AC4C00313DE0 /* Resources */ = {
			isa = PBXResourcesBuildPhase;
			buildActionMask = 2147483647;
			files = (
				B859F7DC1775AC4C00313DE0 /* InfoPlist.strings in Resources */,
				B859F7E41775AC4C00313DE0 /* Default.png in Resources */,
				B859F7E61775AC4C00313DE0 /* Default@2x.png in Resources */,
				B859F7E81775AC4C00313DE0 /* Default-568h@2x.png in Resources */,
				B859F81B1775C70F00313DE0 /* LeftSideViewIcon.png in Resources */,
				B859F8641775E64F00313DE0 /* leftArrow@2x.png in Resources */,
				B859F8681775E6A400313DE0 /* left_Icon_home@2x.png in Resources */,
				B859F8691775E6A400313DE0 /* left_Icon_mes@2x.png in Resources */,
				B859F86A1775E6A400313DE0 /* left_Icon_setting@2x.png in Resources */,
				B8C2B82F1776A5EE00B559AA /* leftMenuHigthed@2x.png in Resources */,
				B8C2B8341776B2BA00B559AA /* mes_Countbg@2x.png in Resources */,
				B8C2B8471777229B00B559AA /* load_more_pics.png in Resources */,
				B8C2B850177730EB00B559AA /* search_bg@2x.png in Resources */,
				B8C2B8531777342400B559AA /* search_Icon@2x.png in Resources */,
				C59D51D717782A2200A635DD /* right_Menu_back@2x.png in Resources */,
				C59D51DD17784F8D00A635DD /* menuLine@2x.png in Resources */,
				C59D51F11778623100A635DD /* bg-addbutton-highlighted@2x.png in Resources */,
				C59D51F21778623100A635DD /* bg-addbutton@2x.png in Resources */,
				C59D51F31778623100A635DD /* bg-menuitem-highlighted@2x.png in Resources */,
				C59D51F41778623100A635DD /* bg-menuitem@2x.png in Resources */,
				C59D51F61778623100A635DD /* icon-plus@2x.png in Resources */,
				B8404E221778872B00EDCBB9 /* icon_food@2x.png in Resources */,
				B8404E231778872B00EDCBB9 /* icon_hotel@2x.png in Resources */,
				B8404E241778872B00EDCBB9 /* icon_shopping@2x.png in Resources */,
				B8404E251778872B00EDCBB9 /* icon_sight@2x.png in Resources */,
				B8404E261778872B00EDCBB9 /* icon-drink@2x.png in Resources */,
			);
			runOnlyForDeploymentPostprocessing = 0;
		};
/* End PBXResourcesBuildPhase section */

/* Begin PBXSourcesBuildPhase section */
		B859F7CA1775AC4C00313DE0 /* Sources */ = {
			isa = PBXSourcesBuildPhase;
			buildActionMask = 2147483647;
			files = (
				B859F7DE1775AC4C00313DE0 /* main.m in Sources */,
				B859F7E21775AC4C00313DE0 /* AppDelegate.m in Sources */,
				B859F8061775C69E00313DE0 /* ASIAuthenticationDialog.m in Sources */,
				B859F8071775C69E00313DE0 /* ASIDataCompressor.m in Sources */,
				B859F8081775C69E00313DE0 /* ASIDataDecompressor.m in Sources */,
				B859F8091775C69E00313DE0 /* ASIDownloadCache.m in Sources */,
				B859F80A1775C69E00313DE0 /* ASIFormDataRequest.m in Sources */,
				B859F80B1775C69E00313DE0 /* ASIHTTPRequest.m in Sources */,
				B859F80C1775C69E00313DE0 /* ASIInputStream.m in Sources */,
				B859F80D1775C69E00313DE0 /* ASINetworkQueue.m in Sources */,
				B859F80E1775C69E00313DE0 /* Reachability.m in Sources */,
				B859F8121775C6CF00313DE0 /* MBProgressHUD.m in Sources */,
				B859F8191775C70F00313DE0 /* IIViewDeckController.m in Sources */,
				B859F81A1775C70F00313DE0 /* IIWrapController.m in Sources */,
				B859F8371775C83900313DE0 /* SDImageCache.m in Sources */,
				B859F8381775C83900313DE0 /* SDWebImageDecoder.m in Sources */,
				B859F8391775C83900313DE0 /* SDWebImageDownloader.m in Sources */,
				B859F83A1775C83900313DE0 /* SDWebImageManager.m in Sources */,
				B859F83B1775C83900313DE0 /* SDWebImagePrefetcher.m in Sources */,
				B859F83C1775C83900313DE0 /* UIButton+WebCache.m in Sources */,
				B859F83D1775C83900313DE0 /* UIImageView+WebCache.m in Sources */,
				B859F84F1775CD0700313DE0 /* LeftMenuController.m in Sources */,
				B859F8521775D03600313DE0 /* LeftMenuCell.m in Sources */,
				B859F85C1775D8E100313DE0 /* PlazeViewController.m in Sources */,
				B859F8621775E36500313DE0 /* AHCusNavBarView.m in Sources */,
				B8C2B8321776A9E300B559AA /* CountLabel.m in Sources */,
				B8C2B8371776C24F00B559AA /* PortraitView.m in Sources */,
				B8C2B83C1776CD9F00B559AA /* RightSerachController.m in Sources */,
				B8C2B8451777229B00B559AA /* EGORefreshTableHeaderView.m in Sources */,
				B8C2B8461777229B00B559AA /* EGRefreshTableView.m in Sources */,
				B8C2B8481777229B00B559AA /* SCPMoreTableFootView.m in Sources */,
				C59D51D21777F31900A635DD /* CountryListCell.m in Sources */,
				C59D51D517781CDA00A635DD /* CityViewController.m in Sources */,
				C59D51E317785D5F00A635DD /* AwesomeMenu.m in Sources */,
				C59D51E417785D5F00A635DD /* AwesomeMenuItem.m in Sources */,
				C59D51E81778622300A635DD /* PlazeCell.m in Sources */,
			);
			runOnlyForDeploymentPostprocessing = 0;
		};
/* End PBXSourcesBuildPhase section */

/* Begin PBXVariantGroup section */
		B859F7DA1775AC4C00313DE0 /* InfoPlist.strings */ = {
			isa = PBXVariantGroup;
			children = (
				B859F7DB1775AC4C00313DE0 /* en */,
			);
			name = InfoPlist.strings;
			sourceTree = "<group>";
		};
/* End PBXVariantGroup section */

/* Begin XCBuildConfiguration section */
		B859F7E91775AC4C00313DE0 /* Debug */ = {
			isa = XCBuildConfiguration;
			buildSettings = {
				ALWAYS_SEARCH_USER_PATHS = NO;
				CLANG_CXX_LANGUAGE_STANDARD = "gnu++0x";
				CLANG_CXX_LIBRARY = "libc++";
				CLANG_ENABLE_OBJC_ARC = YES;
				CLANG_WARN_CONSTANT_CONVERSION = YES;
				CLANG_WARN_EMPTY_BODY = YES;
				CLANG_WARN_ENUM_CONVERSION = YES;
				CLANG_WARN_INT_CONVERSION = YES;
				CLANG_WARN__DUPLICATE_METHOD_MATCH = YES;
				"CODE_SIGN_IDENTITY[sdk=iphoneos*]" = "iPhone Developer";
				COPY_PHASE_STRIP = NO;
				GCC_C_LANGUAGE_STANDARD = gnu99;
				GCC_DYNAMIC_NO_PIC = NO;
				GCC_OPTIMIZATION_LEVEL = 0;
				GCC_PREPROCESSOR_DEFINITIONS = (
					"DEBUG=1",
					"$(inherited)",
				);
				GCC_SYMBOLS_PRIVATE_EXTERN = NO;
				GCC_WARN_ABOUT_RETURN_TYPE = YES;
				GCC_WARN_UNINITIALIZED_AUTOS = YES;
				GCC_WARN_UNUSED_VARIABLE = YES;
				IPHONEOS_DEPLOYMENT_TARGET = 6.1;
				ONLY_ACTIVE_ARCH = YES;
				SDKROOT = iphoneos;
			};
			name = Debug;
		};
		B859F7EA1775AC4C00313DE0 /* Release */ = {
			isa = XCBuildConfiguration;
			buildSettings = {
				ALWAYS_SEARCH_USER_PATHS = NO;
				CLANG_CXX_LANGUAGE_STANDARD = "gnu++0x";
				CLANG_CXX_LIBRARY = "libc++";
				CLANG_ENABLE_OBJC_ARC = YES;
				CLANG_WARN_CONSTANT_CONVERSION = YES;
				CLANG_WARN_EMPTY_BODY = YES;
				CLANG_WARN_ENUM_CONVERSION = YES;
				CLANG_WARN_INT_CONVERSION = YES;
				CLANG_WARN__DUPLICATE_METHOD_MATCH = YES;
				"CODE_SIGN_IDENTITY[sdk=iphoneos*]" = "iPhone Developer";
				COPY_PHASE_STRIP = YES;
				GCC_C_LANGUAGE_STANDARD = gnu99;
				GCC_WARN_ABOUT_RETURN_TYPE = YES;
				GCC_WARN_UNINITIALIZED_AUTOS = YES;
				GCC_WARN_UNUSED_VARIABLE = YES;
				IPHONEOS_DEPLOYMENT_TARGET = 6.1;
				OTHER_CFLAGS = "-DNS_BLOCK_ASSERTIONS=1";
				SDKROOT = iphoneos;
				VALIDATE_PRODUCT = YES;
			};
			name = Release;
		};
		B859F7EC1775AC4C00313DE0 /* Debug */ = {
			isa = XCBuildConfiguration;
			buildSettings = {
				GCC_PRECOMPILE_PREFIX_HEADER = YES;
				GCC_PREFIX_HEADER = "AhaTrip/AhaTrip-Prefix.pch";
				INFOPLIST_FILE = "AhaTrip/AhaTrip-Info.plist";
				IPHONEOS_DEPLOYMENT_TARGET = 5.0;
				LIBRARY_SEARCH_PATHS = (
					"$(inherited)",
					"\"$(SRCROOT)/AhaTrip/Umeng\"",
				);
				PRODUCT_NAME = "$(TARGET_NAME)";
				WRAPPER_EXTENSION = app;
			};
			name = Debug;
		};
		B859F7ED1775AC4C00313DE0 /* Release */ = {
			isa = XCBuildConfiguration;
			buildSettings = {
				GCC_PRECOMPILE_PREFIX_HEADER = YES;
				GCC_PREFIX_HEADER = "AhaTrip/AhaTrip-Prefix.pch";
				INFOPLIST_FILE = "AhaTrip/AhaTrip-Info.plist";
				IPHONEOS_DEPLOYMENT_TARGET = 5.0;
				LIBRARY_SEARCH_PATHS = (
					"$(inherited)",
					"\"$(SRCROOT)/AhaTrip/Umeng\"",
				);
				PRODUCT_NAME = "$(TARGET_NAME)";
				WRAPPER_EXTENSION = app;
			};
			name = Release;
		};
/* End XCBuildConfiguration section */

/* Begin XCConfigurationList section */
		B859F7C91775AC4C00313DE0 /* Build configuration list for PBXProject "AhaTrip" */ = {
			isa = XCConfigurationList;
			buildConfigurations = (
				B859F7E91775AC4C00313DE0 /* Debug */,
				B859F7EA1775AC4C00313DE0 /* Release */,
			);
			defaultConfigurationIsVisible = 0;
			defaultConfigurationName = Release;
		};
		B859F7EB1775AC4C00313DE0 /* Build configuration list for PBXNativeTarget "AhaTrip" */ = {
			isa = XCConfigurationList;
			buildConfigurations = (
				B859F7EC1775AC4C00313DE0 /* Debug */,
				B859F7ED1775AC4C00313DE0 /* Release */,
			);
			defaultConfigurationIsVisible = 0;
			defaultConfigurationName = Release;
		};
/* End XCConfigurationList section */
	};
	rootObject = B859F7C61775AC4C00313DE0 /* Project object */;
}
